// !$*UTF8*$!
{
	archiveVersion = 1;
	classes = {
	};
	objectVersion = 56;
	objects = {

/* Begin PBXBuildFile section */
		CB848B332D3065200006915D /* SwiftUIFundamentalsApp.swift in Sources */ = {isa = PBXBuildFile; fileRef = CB848B322D3065200006915D /* SwiftUIFundamentalsApp.swift */; };
		CB848B352D3065200006915D /* ContentView.swift in Sources */ = {isa = PBXBuildFile; fileRef = CB848B342D3065200006915D /* ContentView.swift */; };
		CB848B372D3065210006915D /* Assets.xcassets in Resources */ = {isa = PBXBuildFile; fileRef = CB848B362D3065210006915D /* Assets.xcassets */; };
		CB848B3B2D3065210006915D /* Preview Assets.xcassets in Resources */ = {isa = PBXBuildFile; fileRef = CB848B3A2D3065210006915D /* Preview Assets.xcassets */; };
		CB848B452D3065210006915D /* SwiftUIFundamentalsTests.swift in Sources */ = {isa = PBXBuildFile; fileRef = CB848B442D3065210006915D /* SwiftUIFundamentalsTests.swift */; };
		CB848B4F2D3065210006915D /* SwiftUIFundamentalsUITests.swift in Sources */ = {isa = PBXBuildFile; fileRef = CB848B4E2D3065210006915D /* SwiftUIFundamentalsUITests.swift */; };
		CB848B512D3065210006915D /* SwiftUIFundamentalsUITestsLaunchTests.swift in Sources */ = {isa = PBXBuildFile; fileRef = CB848B502D3065210006915D /* SwiftUIFundamentalsUITestsLaunchTests.swift */; };
/* End PBXBuildFile section */

/* Begin PBXContainerItemProxy section */
		CB848B412D3065210006915D /* PBXContainerItemProxy */ = {
			isa = PBXContainerItemProxy;
			containerPortal = CB848B272D3065200006915D /* Project object */;
			proxyType = 1;
			remoteGlobalIDString = CB848B2E2D3065200006915D;
			remoteInfo = SwiftUIFundamentals;
		};
		CB848B4B2D3065210006915D /* PBXContainerItemProxy */ = {
			isa = PBXContainerItemProxy;
			containerPortal = CB848B272D3065200006915D /* Project object */;
			proxyType = 1;
			remoteGlobalIDString = CB848B2E2D3065200006915D;
			remoteInfo = SwiftUIFundamentals;
		};
/* End PBXContainerItemProxy section */

/* Begin PBXFileReference section */
		CB848B2F2D3065200006915D /* SwiftUIFundamentals.app */ = {isa = PBXFileReference; explicitFileType = wrapper.application; includeInIndex = 0; path = SwiftUIFundamentals.app; sourceTree = BUILT_PRODUCTS_DIR; };
		CB848B322D3065200006915D /* SwiftUIFundamentalsApp.swift */ = {isa = PBXFileReference; lastKnownFileType = sourcecode.swift; path = SwiftUIFundamentalsApp.swift; sourceTree = "<group>"; };
		CB848B342D3065200006915D /* ContentView.swift */ = {isa = PBXFileReference; lastKnownFileType = sourcecode.swift; path = ContentView.swift; sourceTree = "<group>"; };
		CB848B362D3065210006915D /* Assets.xcassets */ = {isa = PBXFileReference; lastKnownFileType = folder.assetcatalog; path = Assets.xcassets; sourceTree = "<group>"; };
		CB848B382D3065210006915D /* SwiftUIFundamentals.entitlements */ = {isa = PBXFileReference; lastKnownFileType = text.plist.entitlements; path = SwiftUIFundamentals.entitlements; sourceTree = "<group>"; };
		CB848B3A2D3065210006915D /* Preview Assets.xcassets */ = {isa = PBXFileReference; lastKnownFileType = folder.assetcatalog; path = "Preview Assets.xcassets"; sourceTree = "<group>"; };
		CB848B402D3065210006915D /* SwiftUIFundamentalsTests.xctest */ = {isa = PBXFileReference; explicitFileType = wrapper.cfbundle; includeInIndex = 0; path = SwiftUIFundamentalsTests.xctest; sourceTree = BUILT_PRODUCTS_DIR; };
		CB848B442D3065210006915D /* SwiftUIFundamentalsTests.swift */ = {isa = PBXFileReference; lastKnownFileType = sourcecode.swift; path = SwiftUIFundamentalsTests.swift; sourceTree = "<group>"; };
		CB848B4A2D3065210006915D /* SwiftUIFundamentalsUITests.xctest */ = {isa = PBXFileReference; explicitFileType = wrapper.cfbundle; includeInIndex = 0; path = SwiftUIFundamentalsUITests.xctest; sourceTree = BUILT_PRODUCTS_DIR; };
		CB848B4E2D3065210006915D /* SwiftUIFundamentalsUITests.swift */ = {isa = PBXFileReference; lastKnownFileType = sourcecode.swift; path = SwiftUIFundamentalsUITests.swift; sourceTree = "<group>"; };
		CB848B502D3065210006915D /* SwiftUIFundamentalsUITestsLaunchTests.swift */ = {isa = PBXFileReference; lastKnownFileType = sourcecode.swift; path = SwiftUIFundamentalsUITestsLaunchTests.swift; sourceTree = "<group>"; };
/* End PBXFileReference section */

/* Begin PBXFrameworksBuildPhase section */
		CB848B2C2D3065200006915D /* Frameworks */ = {
			isa = PBXFrameworksBuildPhase;
			buildActionMask = 2147483647;
			files = (
			);
			runOnlyForDeploymentPostprocessing = 0;
		};
		CB848B3D2D3065210006915D /* Frameworks */ = {
			isa = PBXFrameworksBuildPhase;
			buildActionMask = 2147483647;
			files = (
			);
			runOnlyForDeploymentPostprocessing = 0;
		};
		CB848B472D3065210006915D /* Frameworks */ = {
			isa = PBXFrameworksBuildPhase;
			buildActionMask = 2147483647;
			files = (
			);
			runOnlyForDeploymentPostprocessing = 0;
		};
/* End PBXFrameworksBuildPhase section */

/* Begin PBXGroup section */
		CB848B262D3065200006915D = {
			isa = PBXGroup;
			children = (
				CB848B312D3065200006915D /* SwiftUIFundamentals */,
				CB848B432D3065210006915D /* SwiftUIFundamentalsTests */,
				CB848B4D2D3065210006915D /* SwiftUIFundamentalsUITests */,
				CB848B302D3065200006915D /* Products */,
			);
			sourceTree = "<group>";
		};
		CB848B302D3065200006915D /* Products */ = {
			isa = PBXGroup;
			children = (
				CB848B2F2D3065200006915D /* SwiftUIFundamentals.app */,
				CB848B402D3065210006915D /* SwiftUIFundamentalsTests.xctest */,
				CB848B4A2D3065210006915D /* SwiftUIFundamentalsUITests.xctest */,
			);
			name = Products;
			sourceTree = "<group>";
		};
		CB848B312D3065200006915D /* SwiftUIFundamentals */ = {
			isa = PBXGroup;
			children = (
				CB848B322D3065200006915D /* SwiftUIFundamentalsApp.swift */,
				CB848B342D3065200006915D /* ContentView.swift */,
				CB848B362D3065210006915D /* Assets.xcassets */,
				CB848B382D3065210006915D /* SwiftUIFundamentals.entitlements */,
				CB848B392D3065210006915D /* Preview Content */,
			);
			path = SwiftUIFundamentals;
			sourceTree = "<group>";
		};
		CB848B392D3065210006915D /* Preview Content */ = {
			isa = PBXGroup;
			children = (
				CB848B3A2D3065210006915D /* Preview Assets.xcassets */,
			);
			path = "Preview Content";
			sourceTree = "<group>";
		};
		CB848B432D3065210006915D /* SwiftUIFundamentalsTests */ = {
			isa = PBXGroup;
			children = (
				CB848B442D3065210006915D /* SwiftUIFundamentalsTests.swift */,
			);
			path = SwiftUIFundamentalsTests;
			sourceTree = "<group>";
		};
		CB848B4D2D3065210006915D /* SwiftUIFundamentalsUITests */ = {
			isa = PBXGroup;
			children = (
				CB848B4E2D3065210006915D /* SwiftUIFundamentalsUITests.swift */,
				CB848B502D3065210006915D /* SwiftUIFundamentalsUITestsLaunchTests.swift */,
			);
			path = SwiftUIFundamentalsUITests;
			sourceTree = "<group>";
		};
/* End PBXGroup section */

/* Begin PBXNativeTarget section */
		CB848B2E2D3065200006915D /* SwiftUIFundamentals */ = {
			isa = PBXNativeTarget;
			buildConfigurationList = CB848B542D3065210006915D /* Build configuration list for PBXNativeTarget "SwiftUIFundamentals" */;
			buildPhases = (
				CB848B2B2D3065200006915D /* Sources */,
				CB848B2C2D3065200006915D /* Frameworks */,
				CB848B2D2D3065200006915D /* Resources */,
			);
			buildRules = (
			);
			dependencies = (
			);
			name = SwiftUIFundamentals;
			productName = SwiftUIFundamentals;
			productReference = CB848B2F2D3065200006915D /* SwiftUIFundamentals.app */;
			productType = "com.apple.product-type.application";
		};
		CB848B3F2D3065210006915D /* SwiftUIFundamentalsTests */ = {
			isa = PBXNativeTarget;
			buildConfigurationList = CB848B572D3065210006915D /* Build configuration list for PBXNativeTarget "SwiftUIFundamentalsTests" */;
			buildPhases = (
				CB848B3C2D3065210006915D /* Sources */,
				CB848B3D2D3065210006915D /* Frameworks */,
				CB848B3E2D3065210006915D /* Resources */,
			);
			buildRules = (
			);
			dependencies = (
				CB848B422D3065210006915D /* PBXTargetDependency */,
			);
			name = SwiftUIFundamentalsTests;
			productName = SwiftUIFundamentalsTests;
			productReference = CB848B402D3065210006915D /* SwiftUIFundamentalsTests.xctest */;
			productType = "com.apple.product-type.bundle.unit-test";
		};
		CB848B492D3065210006915D /* SwiftUIFundamentalsUITests */ = {
			isa = PBXNativeTarget;
			buildConfigurationList = CB848B5A2D3065210006915D /* Build configuration list for PBXNativeTarget "SwiftUIFundamentalsUITests" */;
			buildPhases = (
				CB848B462D3065210006915D /* Sources */,
				CB848B472D3065210006915D /* Frameworks */,
				CB848B482D3065210006915D /* Resources */,
			);
			buildRules = (
			);
			dependencies = (
				CB848B4C2D3065210006915D /* PBXTargetDependency */,
			);
			name = SwiftUIFundamentalsUITests;
			productName = SwiftUIFundamentalsUITests;
			productReference = CB848B4A2D3065210006915D /* SwiftUIFundamentalsUITests.xctest */;
			productType = "com.apple.product-type.bundle.ui-testing";
		};
/* End PBXNativeTarget section */

/* Begin PBXProject section */
		CB848B272D3065200006915D /* Project object */ = {
			isa = PBXProject;
			attributes = {
				BuildIndependentTargetsInParallel = 1;
				LastSwiftUpdateCheck = 1530;
				LastUpgradeCheck = 1530;
				TargetAttributes = {
					CB848B2E2D3065200006915D = {
						CreatedOnToolsVersion = 15.3;
					};
					CB848B3F2D3065210006915D = {
						CreatedOnToolsVersion = 15.3;
						TestTargetID = CB848B2E2D3065200006915D;
					};
					CB848B492D3065210006915D = {
						CreatedOnToolsVersion = 15.3;
						TestTargetID = CB848B2E2D3065200006915D;
					};
				};
			};
			buildConfigurationList = CB848B2A2D3065200006915D /* Build configuration list for PBXProject "SwiftUIFundamentals" */;
			compatibilityVersion = "Xcode 14.0";
			developmentRegion = en;
			hasScannedForEncodings = 0;
			knownRegions = (
				en,
				Base,
			);
			mainGroup = CB848B262D3065200006915D;
			productRefGroup = CB848B302D3065200006915D /* Products */;
			projectDirPath = "";
			projectRoot = "";
			targets = (
				CB848B2E2D3065200006915D /* SwiftUIFundamentals */,
				CB848B3F2D3065210006915D /* SwiftUIFundamentalsTests */,
				CB848B492D3065210006915D /* SwiftUIFundamentalsUITests */,
			);
		};
/* End PBXProject section */

/* Begin PBXResourcesBuildPhase section */
		CB848B2D2D3065200006915D /* Resources */ = {
			isa = PBXResourcesBuildPhase;
			buildActionMask = 2147483647;
			files = (
				CB848B3B2D3065210006915D /* Preview Assets.xcassets in Resources */,
				CB848B372D3065210006915D /* Assets.xcassets in Resources */,
			);
			runOnlyForDeploymentPostprocessing = 0;
		};
		CB848B3E2D3065210006915D /* Resources */ = {
			isa = PBXResourcesBuildPhase;
			buildActionMask = 2147483647;
			files = (
			);
			runOnlyForDeploymentPostprocessing = 0;
		};
		CB848B482D3065210006915D /* Resources */ = {
			isa = PBXResourcesBuildPhase;
			buildActionMask = 2147483647;
			files = (
			);
			runOnlyForDeploymentPostprocessing = 0;
		};
/* End PBXResourcesBuildPhase section */

/* Begin PBXSourcesBuildPhase section */
		CB848B2B2D3065200006915D /* Sources */ = {
			isa = PBXSourcesBuildPhase;
			buildActionMask = 2147483647;
			files = (
				CB848B352D3065200006915D /* ContentView.swift in Sources */,
				CB848B332D3065200006915D /* SwiftUIFundamentalsApp.swift in Sources */,
			);
			runOnlyForDeploymentPostprocessing = 0;
		};
		CB848B3C2D3065210006915D /* Sources */ = {
			isa = PBXSourcesBuildPhase;
			buildActionMask = 2147483647;
			files = (
				CB848B452D3065210006915D /* SwiftUIFundamentalsTests.swift in Sources */,
			);
			runOnlyForDeploymentPostprocessing = 0;
		};
		CB848B462D3065210006915D /* Sources */ = {
			isa = PBXSourcesBuildPhase;
			buildActionMask = 2147483647;
			files = (
				CB848B512D3065210006915D /* SwiftUIFundamentalsUITestsLaunchTests.swift in Sources */,
				CB848B4F2D3065210006915D /* SwiftUIFundamentalsUITests.swift in Sources */,
			);
			runOnlyForDeploymentPostprocessing = 0;
		};
/* End PBXSourcesBuildPhase section */

/* Begin PBXTargetDependency section */
		CB848B422D3065210006915D /* PBXTargetDependency */ = {
			isa = PBXTargetDependency;
			target = CB848B2E2D3065200006915D /* SwiftUIFundamentals */;
			targetProxy = CB848B412D3065210006915D /* PBXContainerItemProxy */;
		};
		CB848B4C2D3065210006915D /* PBXTargetDependency */ = {
			isa = PBXTargetDependency;
			target = CB848B2E2D3065200006915D /* SwiftUIFundamentals */;
			targetProxy = CB848B4B2D3065210006915D /* PBXContainerItemProxy */;
		};
/* End PBXTargetDependency section */

/* Begin XCBuildConfiguration section */
		CB848B522D3065210006915D /* Debug */ = {
			isa = XCBuildConfiguration;
			buildSettings = {
				ALWAYS_SEARCH_USER_PATHS = NO;
				ASSETCATALOG_COMPILER_GENERATE_SWIFT_ASSET_SYMBOL_EXTENSIONS = YES;
				CLANG_ANALYZER_NONNULL = YES;
				CLANG_ANALYZER_NUMBER_OBJECT_CONVERSION = YES_AGGRESSIVE;
				CLANG_CXX_LANGUAGE_STANDARD = "gnu++20";
				CLANG_ENABLE_MODULES = YES;
				CLANG_ENABLE_OBJC_ARC = YES;
				CLANG_ENABLE_OBJC_WEAK = YES;
				CLANG_WARN_BLOCK_CAPTURE_AUTORELEASING = YES;
				CLANG_WARN_BOOL_CONVERSION = YES;
				CLANG_WARN_COMMA = YES;
				CLANG_WARN_CONSTANT_CONVERSION = YES;
				CLANG_WARN_DEPRECATED_OBJC_IMPLEMENTATIONS = YES;
				CLANG_WARN_DIRECT_OBJC_ISA_USAGE = YES_ERROR;
				CLANG_WARN_DOCUMENTATION_COMMENTS = YES;
				CLANG_WARN_EMPTY_BODY = YES;
				CLANG_WARN_ENUM_CONVERSION = YES;
				CLANG_WARN_INFINITE_RECURSION = YES;
				CLANG_WARN_INT_CONVERSION = YES;
				CLANG_WARN_NON_LITERAL_NULL_CONVERSION = YES;
				CLANG_WARN_OBJC_IMPLICIT_RETAIN_SELF = YES;
				CLANG_WARN_OBJC_LITERAL_CONVERSION = YES;
				CLANG_WARN_OBJC_ROOT_CLASS = YES_ERROR;
				CLANG_WARN_QUOTED_INCLUDE_IN_FRAMEWORK_HEADER = YES;
				CLANG_WARN_RANGE_LOOP_ANALYSIS = YES;
				CLANG_WARN_STRICT_PROTOTYPES = YES;
				CLANG_WARN_SUSPICIOUS_MOVE = YES;
				CLANG_WARN_UNGUARDED_AVAILABILITY = YES_AGGRESSIVE;
				CLANG_WARN_UNREACHABLE_CODE = YES;
				CLANG_WARN__DUPLICATE_METHOD_MATCH = YES;
				COPY_PHASE_STRIP = NO;
				DEBUG_INFORMATION_FORMAT = dwarf;
				ENABLE_STRICT_OBJC_MSGSEND = YES;
				ENABLE_TESTABILITY = YES;
				ENABLE_USER_SCRIPT_SANDBOXING = YES;
				GCC_C_LANGUAGE_STANDARD = gnu17;
				GCC_DYNAMIC_NO_PIC = NO;
				GCC_NO_COMMON_BLOCKS = YES;
				GCC_OPTIMIZATION_LEVEL = 0;
				GCC_PREPROCESSOR_DEFINITIONS = (
					"DEBUG=1",
					"$(inherited)",
				);
				GCC_WARN_64_TO_32_BIT_CONVERSION = YES;
				GCC_WARN_ABOUT_RETURN_TYPE = YES_ERROR;
				GCC_WARN_UNDECLARED_SELECTOR = YES;
				GCC_WARN_UNINITIALIZED_AUTOS = YES_AGGRESSIVE;
				GCC_WARN_UNUSED_FUNCTION = YES;
				GCC_WARN_UNUSED_VARIABLE = YES;
				LOCALIZATION_PREFERS_STRING_CATALOGS = YES;
				MTL_ENABLE_DEBUG_INFO = INCLUDE_SOURCE;
				MTL_FAST_MATH = YES;
				ONLY_ACTIVE_ARCH = YES;
				SWIFT_ACTIVE_COMPILATION_CONDITIONS = "DEBUG $(inherited)";
				SWIFT_OPTIMIZATION_LEVEL = "-Onone";
			};
			name = Debug;
		};
		CB848B532D3065210006915D /* Release */ = {
			isa = XCBuildConfiguration;
			buildSettings = {
				ALWAYS_SEARCH_USER_PATHS = NO;
				ASSETCATALOG_COMPILER_GENERATE_SWIFT_ASSET_SYMBOL_EXTENSIONS = YES;
				CLANG_ANALYZER_NONNULL = YES;
				CLANG_ANALYZER_NUMBER_OBJECT_CONVERSION = YES_AGGRESSIVE;
				CLANG_CXX_LANGUAGE_STANDARD = "gnu++20";
				CLANG_ENABLE_MODULES = YES;
				CLANG_ENABLE_OBJC_ARC = YES;
				CLANG_ENABLE_OBJC_WEAK = YES;
				CLANG_WARN_BLOCK_CAPTURE_AUTORELEASING = YES;
				CLANG_WARN_BOOL_CONVERSION = YES;
				CLANG_WARN_COMMA = YES;
				CLANG_WARN_CONSTANT_CONVERSION = YES;
				CLANG_WARN_DEPRECATED_OBJC_IMPLEMENTATIONS = YES;
				CLANG_WARN_DIRECT_OBJC_ISA_USAGE = YES_ERROR;
				CLANG_WARN_DOCUMENTATION_COMMENTS = YES;
				CLANG_WARN_EMPTY_BODY = YES;
				CLANG_WARN_ENUM_CONVERSION = YES;
				CLANG_WARN_INFINITE_RECURSION = YES;
				CLANG_WARN_INT_CONVERSION = YES;
				CLANG_WARN_NON_LITERAL_NULL_CONVERSION = YES;
				CLANG_WARN_OBJC_IMPLICIT_RETAIN_SELF = YES;
				CLANG_WARN_OBJC_LITERAL_CONVERSION = YES;
				CLANG_WARN_OBJC_ROOT_CLASS = YES_ERROR;
				CLANG_WARN_QUOTED_INCLUDE_IN_FRAMEWORK_HEADER = YES;
				CLANG_WARN_RANGE_LOOP_ANALYSIS = YES;
				CLANG_WARN_STRICT_PROTOTYPES = YES;
				CLANG_WARN_SUSPICIOUS_MOVE = YES;
				CLANG_WARN_UNGUARDED_AVAILABILITY = YES_AGGRESSIVE;
				CLANG_WARN_UNREACHABLE_CODE = YES;
				CLANG_WARN__DUPLICATE_METHOD_MATCH = YES;
				COPY_PHASE_STRIP = NO;
				DEBUG_INFORMATION_FORMAT = "dwarf-with-dsym";
				ENABLE_NS_ASSERTIONS = NO;
				ENABLE_STRICT_OBJC_MSGSEND = YES;
				ENABLE_USER_SCRIPT_SANDBOXING = YES;
				GCC_C_LANGUAGE_STANDARD = gnu17;
				GCC_NO_COMMON_BLOCKS = YES;
				GCC_WARN_64_TO_32_BIT_CONVERSION = YES;
				GCC_WARN_ABOUT_RETURN_TYPE = YES_ERROR;
				GCC_WARN_UNDECLARED_SELECTOR = YES;
				GCC_WARN_UNINITIALIZED_AUTOS = YES_AGGRESSIVE;
				GCC_WARN_UNUSED_FUNCTION = YES;
				GCC_WARN_UNUSED_VARIABLE = YES;
				LOCALIZATION_PREFERS_STRING_CATALOGS = YES;
				MTL_ENABLE_DEBUG_INFO = NO;
				MTL_FAST_MATH = YES;
				SWIFT_COMPILATION_MODE = wholemodule;
			};
			name = Release;
		};
		CB848B552D3065210006915D /* Debug */ = {
			isa = XCBuildConfiguration;
			buildSettings = {
				ASSETCATALOG_COMPILER_APPICON_NAME = AppIcon;
				ASSETCATALOG_COMPILER_GLOBAL_ACCENT_COLOR_NAME = AccentColor;
				CODE_SIGN_ENTITLEMENTS = SwiftUIFundamentals/SwiftUIFundamentals.entitlements;
				CODE_SIGN_STYLE = Automatic;
				CURRENT_PROJECT_VERSION = 1;
				DEVELOPMENT_ASSET_PATHS = "\"SwiftUIFundamentals/Preview Content\"";
				DEVELOPMENT_TEAM = J2242V6729;
				ENABLE_HARDENED_RUNTIME = YES;
				ENABLE_PREVIEWS = YES;
				GENERATE_INFOPLIST_FILE = YES;
				"INFOPLIST_KEY_UIApplicationSceneManifest_Generation[sdk=iphoneos*]" = YES;
				"INFOPLIST_KEY_UIApplicationSceneManifest_Generation[sdk=iphonesimulator*]" = YES;
				"INFOPLIST_KEY_UIApplicationSupportsIndirectInputEvents[sdk=iphoneos*]" = YES;
				"INFOPLIST_KEY_UIApplicationSupportsIndirectInputEvents[sdk=iphonesimulator*]" = YES;
				"INFOPLIST_KEY_UILaunchScreen_Generation[sdk=iphoneos*]" = YES;
				"INFOPLIST_KEY_UILaunchScreen_Generation[sdk=iphonesimulator*]" = YES;
				"INFOPLIST_KEY_UIStatusBarStyle[sdk=iphoneos*]" = UIStatusBarStyleDefault;
				"INFOPLIST_KEY_UIStatusBarStyle[sdk=iphonesimulator*]" = UIStatusBarStyleDefault;
				INFOPLIST_KEY_UISupportedInterfaceOrientations_iPad = "UIInterfaceOrientationPortrait UIInterfaceOrientationPortraitUpsideDown UIInterfaceOrientationLandscapeLeft UIInterfaceOrientationLandscapeRight";
				INFOPLIST_KEY_UISupportedInterfaceOrientations_iPhone = "UIInterfaceOrientationPortrait UIInterfaceOrientationLandscapeLeft UIInterfaceOrientationLandscapeRight";
				IPHONEOS_DEPLOYMENT_TARGET = 17.4;
				LD_RUNPATH_SEARCH_PATHS = "@executable_path/Frameworks";
				"LD_RUNPATH_SEARCH_PATHS[sdk=macosx*]" = "@executable_path/../Frameworks";
				MACOSX_DEPLOYMENT_TARGET = 14.4;
				MARKETING_VERSION = 1.0;
				PRODUCT_BUNDLE_IDENTIFIER = com.dubydigital.reference.collection.SwiftUIFundamentals;
				PRODUCT_NAME = "$(TARGET_NAME)";
				SDKROOT = auto;
				SUPPORTED_PLATFORMS = "iphoneos iphonesimulator macosx";
				SWIFT_EMIT_LOC_STRINGS = YES;
				SWIFT_VERSION = 5.0;
				TARGETED_DEVICE_FAMILY = "1,2";
			};
			name = Debug;
		};
		CB848B562D3065210006915D /* Release */ = {
			isa = XCBuildConfiguration;
			buildSettings = {
				ASSETCATALOG_COMPILER_APPICON_NAME = AppIcon;
				ASSETCATALOG_COMPILER_GLOBAL_ACCENT_COLOR_NAME = AccentColor;
				CODE_SIGN_ENTITLEMENTS = SwiftUIFundamentals/SwiftUIFundamentals.entitlements;
				CODE_SIGN_STYLE = Automatic;
				CURRENT_PROJECT_VERSION = 1;
				DEVELOPMENT_ASSET_PATHS = "\"SwiftUIFundamentals/Preview Content\"";
				DEVELOPMENT_TEAM = J2242V6729;
				ENABLE_HARDENED_RUNTIME = YES;
				ENABLE_PREVIEWS = YES;
				GENERATE_INFOPLIST_FILE = YES;
				"INFOPLIST_KEY_UIApplicationSceneManifest_Generation[sdk=iphoneos*]" = YES;
				"INFOPLIST_KEY_UIApplicationSceneManifest_Generation[sdk=iphonesimulator*]" = YES;
				"INFOPLIST_KEY_UIApplicationSupportsIndirectInputEvents[sdk=iphoneos*]" = YES;
				"INFOPLIST_KEY_UIApplicationSupportsIndirectInputEvents[sdk=iphonesimulator*]" = YES;
				"INFOPLIST_KEY_UILaunchScreen_Generation[sdk=iphoneos*]" = YES;
				"INFOPLIST_KEY_UILaunchScreen_Generation[sdk=iphonesimulator*]" = YES;
				"INFOPLIST_KEY_UIStatusBarStyle[sdk=iphoneos*]" = UIStatusBarStyleDefault;
				"INFOPLIST_KEY_UIStatusBarStyle[sdk=iphonesimulator*]" = UIStatusBarStyleDefault;
				INFOPLIST_KEY_UISupportedInterfaceOrientations_iPad = "UIInterfaceOrientationPortrait UIInterfaceOrientationPortraitUpsideDown UIInterfaceOrientationLandscapeLeft UIInterfaceOrientationLandscapeRight";
				INFOPLIST_KEY_UISupportedInterfaceOrientations_iPhone = "UIInterfaceOrientationPortrait UIInterfaceOrientationLandscapeLeft UIInterfaceOrientationLandscapeRight";
				IPHONEOS_DEPLOYMENT_TARGET = 17.4;
				LD_RUNPATH_SEARCH_PATHS = "@executable_path/Frameworks";
				"LD_RUNPATH_SEARCH_PATHS[sdk=macosx*]" = "@executable_path/../Frameworks";
				MACOSX_DEPLOYMENT_TARGET = 14.4;
				MARKETING_VERSION = 1.0;
				PRODUCT_BUNDLE_IDENTIFIER = com.dubydigital.reference.collection.SwiftUIFundamentals;
				PRODUCT_NAME = "$(TARGET_NAME)";
				SDKROOT = auto;
				SUPPORTED_PLATFORMS = "iphoneos iphonesimulator macosx";
				SWIFT_EMIT_LOC_STRINGS = YES;
				SWIFT_VERSION = 5.0;
				TARGETED_DEVICE_FAMILY = "1,2";
			};
			name = Release;
		};
		CB848B582D3065210006915D /* Debug */ = {
			isa = XCBuildConfiguration;
			buildSettings = {
				ALWAYS_EMBED_SWIFT_STANDARD_LIBRARIES = YES;
				BUNDLE_LOADER = "$(TEST_HOST)";
				CODE_SIGN_STYLE = Automatic;
				CURRENT_PROJECT_VERSION = 1;
				DEVELOPMENT_TEAM = J2242V6729;
				GENERATE_INFOPLIST_FILE = YES;
				IPHONEOS_DEPLOYMENT_TARGET = 17.4;
				MACOSX_DEPLOYMENT_TARGET = 14.4;
				MARKETING_VERSION = 1.0;
				PRODUCT_BUNDLE_IDENTIFIER = com.dubydigital.reference.collection.SwiftUIFundamentalsTests;
				PRODUCT_NAME = "$(TARGET_NAME)";
				SDKROOT = auto;
				SUPPORTED_PLATFORMS = "iphoneos iphonesimulator macosx";
				SWIFT_EMIT_LOC_STRINGS = NO;
				SWIFT_VERSION = 5.0;
				TARGETED_DEVICE_FAMILY = "1,2";
				TEST_HOST = "$(BUILT_PRODUCTS_DIR)/SwiftUIFundamentals.app/$(BUNDLE_EXECUTABLE_FOLDER_PATH)/SwiftUIFundamentals";
			};
			name = Debug;
		};
		CB848B592D3065210006915D /* Release */ = {
			isa = XCBuildConfiguration;
			buildSettings = {
				ALWAYS_EMBED_SWIFT_STANDARD_LIBRARIES = YES;
				BUNDLE_LOADER = "$(TEST_HOST)";
				CODE_SIGN_STYLE = Automatic;
				CURRENT_PROJECT_VERSION = 1;
				DEVELOPMENT_TEAM = J2242V6729;
				GENERATE_INFOPLIST_FILE = YES;
				IPHONEOS_DEPLOYMENT_TARGET = 17.4;
				MACOSX_DEPLOYMENT_TARGET = 14.4;
				MARKETING_VERSION = 1.0;
				PRODUCT_BUNDLE_IDENTIFIER = com.dubydigital.reference.collection.SwiftUIFundamentalsTests;
				PRODUCT_NAME = "$(TARGET_NAME)";
				SDKROOT = auto;
				SUPPORTED_PLATFORMS = "iphoneos iphonesimulator macosx";
				SWIFT_EMIT_LOC_STRINGS = NO;
				SWIFT_VERSION = 5.0;
				TARGETED_DEVICE_FAMILY = "1,2";
				TEST_HOST = "$(BUILT_PRODUCTS_DIR)/SwiftUIFundamentals.app/$(BUNDLE_EXECUTABLE_FOLDER_PATH)/SwiftUIFundamentals";
			};
			name = Release;
		};
		CB848B5B2D3065210006915D /* Debug */ = {
			isa = XCBuildConfiguration;
			buildSettings = {
				ALWAYS_EMBED_SWIFT_STANDARD_LIBRARIES = YES;
				CODE_SIGN_STYLE = Automatic;
				CURRENT_PROJECT_VERSION = 1;
				DEVELOPMENT_TEAM = J2242V6729;
				GENERATE_INFOPLIST_FILE = YES;
				IPHONEOS_DEPLOYMENT_TARGET = 17.4;
				MACOSX_DEPLOYMENT_TARGET = 14.4;
				MARKETING_VERSION = 1.0;
				PRODUCT_BUNDLE_IDENTIFIER = com.dubydigital.reference.collection.SwiftUIFundamentalsUITests;
				PRODUCT_NAME = "$(TARGET_NAME)";
				SDKROOT = auto;
				SUPPORTED_PLATFORMS = "iphoneos iphonesimulator macosx";
				SWIFT_EMIT_LOC_STRINGS = NO;
				SWIFT_VERSION = 5.0;
				TARGETED_DEVICE_FAMILY = "1,2";
				TEST_TARGET_NAME = SwiftUIFundamentals;
			};
			name = Debug;
		};
		CB848B5C2D3065210006915D /* Release */ = {
			isa = XCBuildConfiguration;
			buildSettings = {
				ALWAYS_EMBED_SWIFT_STANDARD_LIBRARIES = YES;
				CODE_SIGN_STYLE = Automatic;
				CURRENT_PROJECT_VERSION = 1;
				DEVELOPMENT_TEAM = J2242V6729;
				GENERATE_INFOPLIST_FILE = YES;
				IPHONEOS_DEPLOYMENT_TARGET = 17.4;
				MACOSX_DEPLOYMENT_TARGET = 14.4;
				MARKETING_VERSION = 1.0;
				PRODUCT_BUNDLE_IDENTIFIER = com.dubydigital.reference.collection.SwiftUIFundamentalsUITests;
				PRODUCT_NAME = "$(TARGET_NAME)";
				SDKROOT = auto;
				SUPPORTED_PLATFORMS = "iphoneos iphonesimulator macosx";
				SWIFT_EMIT_LOC_STRINGS = NO;
				SWIFT_VERSION = 5.0;
				TARGETED_DEVICE_FAMILY = "1,2";
				TEST_TARGET_NAME = SwiftUIFundamentals;
			};
			name = Release;
		};
/* End XCBuildConfiguration section */

/* Begin XCConfigurationList section */
		CB848B2A2D3065200006915D /* Build configuration list for PBXProject "SwiftUIFundamentals" */ = {
			isa = XCConfigurationList;
			buildConfigurations = (
				CB848B522D3065210006915D /* Debug */,
				CB848B532D3065210006915D /* Release */,
			);
			defaultConfigurationIsVisible = 0;
			defaultConfigurationName = Release;
		};
		CB848B542D3065210006915D /* Build configuration list for PBXNativeTarget "SwiftUIFundamentals" */ = {
			isa = XCConfigurationList;
			buildConfigurations = (
				CB848B552D3065210006915D /* Debug */,
				CB848B562D3065210006915D /* Release */,
			);
			defaultConfigurationIsVisible = 0;
			defaultConfigurationName = Release;
		};
		CB848B572D3065210006915D /* Build configuration list for PBXNativeTarget "SwiftUIFundamentalsTests" */ = {
			isa = XCConfigurationList;
			buildConfigurations = (
				CB848B582D3065210006915D /* Debug */,
				CB848B592D3065210006915D /* Release */,
			);
			defaultConfigurationIsVisible = 0;
			defaultConfigurationName = Release;
		};
		CB848B5A2D3065210006915D /* Build configuration list for PBXNativeTarget "SwiftUIFundamentalsUITests" */ = {
			isa = XCConfigurationList;
			buildConfigurations = (
				CB848B5B2D3065210006915D /* Debug */,
				CB848B5C2D3065210006915D /* Release */,
			);
			defaultConfigurationIsVisible = 0;
			defaultConfigurationName = Release;
		};
/* End XCConfigurationList section */
	};
	rootObject = CB848B272D3065200006915D /* Project object */;
}
